// !$*UTF8*$!
{
	archiveVersion = 1;
	classes = {
	};
	objectVersion = 56;
	objects = {

/* Begin PBXBuildFile section */
		003AD80F2B69FD41007B95C6 /* betaSpinApp.swift in Sources */ = {isa = PBXBuildFile; fileRef = 003AD80E2B69FD41007B95C6 /* betaSpinApp.swift */; };
		003AD8112B69FD41007B95C6 /* ContentView.swift in Sources */ = {isa = PBXBuildFile; fileRef = 003AD8102B69FD41007B95C6 /* ContentView.swift */; };
		003AD8132B69FD42007B95C6 /* Assets.xcassets in Resources */ = {isa = PBXBuildFile; fileRef = 003AD8122B69FD42007B95C6 /* Assets.xcassets */; };
		003AD8162B69FD42007B95C6 /* Preview Assets.xcassets in Resources */ = {isa = PBXBuildFile; fileRef = 003AD8152B69FD42007B95C6 /* Preview Assets.xcassets */; };
		003AD8202B69FD42007B95C6 /* betaSpinTests.swift in Sources */ = {isa = PBXBuildFile; fileRef = 003AD81F2B69FD42007B95C6 /* betaSpinTests.swift */; };
		003AD82A2B69FD42007B95C6 /* betaSpinUITests.swift in Sources */ = {isa = PBXBuildFile; fileRef = 003AD8292B69FD42007B95C6 /* betaSpinUITests.swift */; };
		003AD82C2B69FD42007B95C6 /* betaSpinUITestsLaunchTests.swift in Sources */ = {isa = PBXBuildFile; fileRef = 003AD82B2B69FD42007B95C6 /* betaSpinUITestsLaunchTests.swift */; };
		00B9032B2B6BDEA1005E19F4 /* SwiftUIViewOne.swift in Sources */ = {isa = PBXBuildFile; fileRef = 00B9032A2B6BDEA1005E19F4 /* SwiftUIViewOne.swift */; };
/* End PBXBuildFile section */

/* Begin PBXContainerItemProxy section */
		003AD81C2B69FD42007B95C6 /* PBXContainerItemProxy */ = {
			isa = PBXContainerItemProxy;
			containerPortal = 003AD8032B69FD41007B95C6 /* Project object */;
			proxyType = 1;
			remoteGlobalIDString = 003AD80A2B69FD41007B95C6;
			remoteInfo = betaSpin;
		};
		003AD8262B69FD42007B95C6 /* PBXContainerItemProxy */ = {
			isa = PBXContainerItemProxy;
			containerPortal = 003AD8032B69FD41007B95C6 /* Project object */;
			proxyType = 1;
			remoteGlobalIDString = 003AD80A2B69FD41007B95C6;
			remoteInfo = betaSpin;
		};
/* End PBXContainerItemProxy section */

/* Begin PBXFileReference section */
		003AD80B2B69FD41007B95C6 /* betaSpin.app */ = {isa = PBXFileReference; explicitFileType = wrapper.application; includeInIndex = 0; path = betaSpin.app; sourceTree = BUILT_PRODUCTS_DIR; };
		003AD80E2B69FD41007B95C6 /* betaSpinApp.swift */ = {isa = PBXFileReference; lastKnownFileType = sourcecode.swift; path = betaSpinApp.swift; sourceTree = "<group>"; };
		003AD8102B69FD41007B95C6 /* ContentView.swift */ = {isa = PBXFileReference; lastKnownFileType = sourcecode.swift; path = ContentView.swift; sourceTree = "<group>"; };
		003AD8122B69FD42007B95C6 /* Assets.xcassets */ = {isa = PBXFileReference; lastKnownFileType = folder.assetcatalog; path = Assets.xcassets; sourceTree = "<group>"; };
		003AD8152B69FD42007B95C6 /* Preview Assets.xcassets */ = {isa = PBXFileReference; lastKnownFileType = folder.assetcatalog; path = "Preview Assets.xcassets"; sourceTree = "<group>"; };
		003AD81B2B69FD42007B95C6 /* betaSpinTests.xctest */ = {isa = PBXFileReference; explicitFileType = wrapper.cfbundle; includeInIndex = 0; path = betaSpinTests.xctest; sourceTree = BUILT_PRODUCTS_DIR; };
		003AD81F2B69FD42007B95C6 /* betaSpinTests.swift */ = {isa = PBXFileReference; lastKnownFileType = sourcecode.swift; path = betaSpinTests.swift; sourceTree = "<group>"; };
		003AD8252B69FD42007B95C6 /* betaSpinUITests.xctest */ = {isa = PBXFileReference; explicitFileType = wrapper.cfbundle; includeInIndex = 0; path = betaSpinUITests.xctest; sourceTree = BUILT_PRODUCTS_DIR; };
		003AD8292B69FD42007B95C6 /* betaSpinUITests.swift */ = {isa = PBXFileReference; lastKnownFileType = sourcecode.swift; path = betaSpinUITests.swift; sourceTree = "<group>"; };
		003AD82B2B69FD42007B95C6 /* betaSpinUITestsLaunchTests.swift */ = {isa = PBXFileReference; lastKnownFileType = sourcecode.swift; path = betaSpinUITestsLaunchTests.swift; sourceTree = "<group>"; };
		003AD8382B6AB340007B95C6 /* betaSpin.entitlements */ = {isa = PBXFileReference; lastKnownFileType = text.plist.entitlements; path = betaSpin.entitlements; sourceTree = "<group>"; };
		00B9032A2B6BDEA1005E19F4 /* SwiftUIViewOne.swift */ = {isa = PBXFileReference; lastKnownFileType = sourcecode.swift; path = SwiftUIViewOne.swift; sourceTree = "<group>"; };
/* End PBXFileReference section */

/* Begin PBXFrameworksBuildPhase section */
		003AD8082B69FD41007B95C6 /* Frameworks */ = {
			isa = PBXFrameworksBuildPhase;
			buildActionMask = 2147483647;
			files = (
			);
			runOnlyForDeploymentPostprocessing = 0;
		};
		003AD8182B69FD42007B95C6 /* Frameworks */ = {
			isa = PBXFrameworksBuildPhase;
			buildActionMask = 2147483647;
			files = (
			);
			runOnlyForDeploymentPostprocessing = 0;
		};
		003AD8222B69FD42007B95C6 /* Frameworks */ = {
			isa = PBXFrameworksBuildPhase;
			buildActionMask = 2147483647;
			files = (
			);
			runOnlyForDeploymentPostprocessing = 0;
		};
/* End PBXFrameworksBuildPhase section */

/* Begin PBXGroup section */
		003AD8022B69FD41007B95C6 = {
			isa = PBXGroup;
			children = (
				003AD80D2B69FD41007B95C6 /* betaSpin */,
				003AD81E2B69FD42007B95C6 /* betaSpinTests */,
				003AD8282B69FD42007B95C6 /* betaSpinUITests */,
				003AD80C2B69FD41007B95C6 /* Products */,
			);
			sourceTree = "<group>";
		};
		003AD80C2B69FD41007B95C6 /* Products */ = {
			isa = PBXGroup;
			children = (
				003AD80B2B69FD41007B95C6 /* betaSpin.app */,
				003AD81B2B69FD42007B95C6 /* betaSpinTests.xctest */,
				003AD8252B69FD42007B95C6 /* betaSpinUITests.xctest */,
			);
			name = Products;
			sourceTree = "<group>";
		};
		003AD80D2B69FD41007B95C6 /* betaSpin */ = {
			isa = PBXGroup;
			children = (
				003AD8382B6AB340007B95C6 /* betaSpin.entitlements */,
				003AD80E2B69FD41007B95C6 /* betaSpinApp.swift */,
				003AD8102B69FD41007B95C6 /* ContentView.swift */,
				00B9032A2B6BDEA1005E19F4 /* SwiftUIViewOne.swift */,
				003AD8122B69FD42007B95C6 /* Assets.xcassets */,
				003AD8142B69FD42007B95C6 /* Preview Content */,
			);
			path = betaSpin;
			sourceTree = "<group>";
		};
		003AD8142B69FD42007B95C6 /* Preview Content */ = {
			isa = PBXGroup;
			children = (
				003AD8152B69FD42007B95C6 /* Preview Assets.xcassets */,
			);
			path = "Preview Content";
			sourceTree = "<group>";
		};
		003AD81E2B69FD42007B95C6 /* betaSpinTests */ = {
			isa = PBXGroup;
			children = (
				003AD81F2B69FD42007B95C6 /* betaSpinTests.swift */,
			);
			path = betaSpinTests;
			sourceTree = "<group>";
		};
		003AD8282B69FD42007B95C6 /* betaSpinUITests */ = {
			isa = PBXGroup;
			children = (
				003AD8292B69FD42007B95C6 /* betaSpinUITests.swift */,
				003AD82B2B69FD42007B95C6 /* betaSpinUITestsLaunchTests.swift */,
			);
			path = betaSpinUITests;
			sourceTree = "<group>";
		};
/* End PBXGroup section */

/* Begin PBXNativeTarget section */
		003AD80A2B69FD41007B95C6 /* betaSpin */ = {
			isa = PBXNativeTarget;
			buildConfigurationList = 003AD82F2B69FD42007B95C6 /* Build configuration list for PBXNativeTarget "betaSpin" */;
			buildPhases = (
				003AD8072B69FD41007B95C6 /* Sources */,
				003AD8082B69FD41007B95C6 /* Frameworks */,
				003AD8092B69FD41007B95C6 /* Resources */,
			);
			buildRules = (
			);
			dependencies = (
			);
			name = betaSpin;
			productName = betaSpin;
			productReference = 003AD80B2B69FD41007B95C6 /* betaSpin.app */;
			productType = "com.apple.product-type.application";
		};
		003AD81A2B69FD42007B95C6 /* betaSpinTests */ = {
			isa = PBXNativeTarget;
			buildConfigurationList = 003AD8322B69FD42007B95C6 /* Build configuration list for PBXNativeTarget "betaSpinTests" */;
			buildPhases = (
				003AD8172B69FD42007B95C6 /* Sources */,
				003AD8182B69FD42007B95C6 /* Frameworks */,
				003AD8192B69FD42007B95C6 /* Resources */,
			);
			buildRules = (
			);
			dependencies = (
				003AD81D2B69FD42007B95C6 /* PBXTargetDependency */,
			);
			name = betaSpinTests;
			productName = betaSpinTests;
			productReference = 003AD81B2B69FD42007B95C6 /* betaSpinTests.xctest */;
			productType = "com.apple.product-type.bundle.unit-test";
		};
		003AD8242B69FD42007B95C6 /* betaSpinUITests */ = {
			isa = PBXNativeTarget;
			buildConfigurationList = 003AD8352B69FD42007B95C6 /* Build configuration list for PBXNativeTarget "betaSpinUITests" */;
			buildPhases = (
				003AD8212B69FD42007B95C6 /* Sources */,
				003AD8222B69FD42007B95C6 /* Frameworks */,
				003AD8232B69FD42007B95C6 /* Resources */,
			);
			buildRules = (
			);
			dependencies = (
				003AD8272B69FD42007B95C6 /* PBXTargetDependency */,
			);
			name = betaSpinUITests;
			productName = betaSpinUITests;
			productReference = 003AD8252B69FD42007B95C6 /* betaSpinUITests.xctest */;
			productType = "com.apple.product-type.bundle.ui-testing";
		};
/* End PBXNativeTarget section */

/* Begin PBXProject section */
		003AD8032B69FD41007B95C6 /* Project object */ = {
			isa = PBXProject;
			attributes = {
				BuildIndependentTargetsInParallel = 1;
				LastSwiftUpdateCheck = 1520;
				LastUpgradeCheck = 1520;
				TargetAttributes = {
					003AD80A2B69FD41007B95C6 = {
						CreatedOnToolsVersion = 15.2;
					};
					003AD81A2B69FD42007B95C6 = {
						CreatedOnToolsVersion = 15.2;
						TestTargetID = 003AD80A2B69FD41007B95C6;
					};
					003AD8242B69FD42007B95C6 = {
						CreatedOnToolsVersion = 15.2;
						TestTargetID = 003AD80A2B69FD41007B95C6;
					};
				};
			};
			buildConfigurationList = 003AD8062B69FD41007B95C6 /* Build configuration list for PBXProject "betaSpin" */;
			compatibilityVersion = "Xcode 14.0";
			developmentRegion = en;
			hasScannedForEncodings = 0;
			knownRegions = (
				en,
				Base,
			);
			mainGroup = 003AD8022B69FD41007B95C6;
			productRefGroup = 003AD80C2B69FD41007B95C6 /* Products */;
			projectDirPath = "";
			projectRoot = "";
			targets = (
				003AD80A2B69FD41007B95C6 /* betaSpin */,
				003AD81A2B69FD42007B95C6 /* betaSpinTests */,
				003AD8242B69FD42007B95C6 /* betaSpinUITests */,
			);
		};
/* End PBXProject section */

/* Begin PBXResourcesBuildPhase section */
		003AD8092B69FD41007B95C6 /* Resources */ = {
			isa = PBXResourcesBuildPhase;
			buildActionMask = 2147483647;
			files = (
				003AD8162B69FD42007B95C6 /* Preview Assets.xcassets in Resources */,
				003AD8132B69FD42007B95C6 /* Assets.xcassets in Resources */,
			);
			runOnlyForDeploymentPostprocessing = 0;
		};
		003AD8192B69FD42007B95C6 /* Resources */ = {
			isa = PBXResourcesBuildPhase;
			buildActionMask = 2147483647;
			files = (
			);
			runOnlyForDeploymentPostprocessing = 0;
		};
		003AD8232B69FD42007B95C6 /* Resources */ = {
			isa = PBXResourcesBuildPhase;
			buildActionMask = 2147483647;
			files = (
			);
			runOnlyForDeploymentPostprocessing = 0;
		};
/* End PBXResourcesBuildPhase section */

/* Begin PBXSourcesBuildPhase section */
		003AD8072B69FD41007B95C6 /* Sources */ = {
			isa = PBXSourcesBuildPhase;
			buildActionMask = 2147483647;
			files = (
				003AD8112B69FD41007B95C6 /* ContentView.swift in Sources */,
				003AD80F2B69FD41007B95C6 /* betaSpinApp.swift in Sources */,
				00B9032B2B6BDEA1005E19F4 /* SwiftUIViewOne.swift in Sources */,
			);
			runOnlyForDeploymentPostprocessing = 0;
		};
		003AD8172B69FD42007B95C6 /* Sources */ = {
			isa = PBXSourcesBuildPhase;
			buildActionMask = 2147483647;
			files = (
				003AD8202B69FD42007B95C6 /* betaSpinTests.swift in Sources */,
			);
			runOnlyForDeploymentPostprocessing = 0;
		};
		003AD8212B69FD42007B95C6 /* Sources */ = {
			isa = PBXSourcesBuildPhase;
			buildActionMask = 2147483647;
			files = (
				003AD82C2B69FD42007B95C6 /* betaSpinUITestsLaunchTests.swift in Sources */,
				003AD82A2B69FD42007B95C6 /* betaSpinUITests.swift in Sources */,
			);
			runOnlyForDeploymentPostprocessing = 0;
		};
/* End PBXSourcesBuildPhase section */

/* Begin PBXTargetDependency section */
		003AD81D2B69FD42007B95C6 /* PBXTargetDependency */ = {
			isa = PBXTargetDependency;
			target = 003AD80A2B69FD41007B95C6 /* betaSpin */;
			targetProxy = 003AD81C2B69FD42007B95C6 /* PBXContainerItemProxy */;
		};
		003AD8272B69FD42007B95C6 /* PBXTargetDependency */ = {
			isa = PBXTargetDependency;
			target = 003AD80A2B69FD41007B95C6 /* betaSpin */;
			targetProxy = 003AD8262B69FD42007B95C6 /* PBXContainerItemProxy */;
		};
/* End PBXTargetDependency section */

/* Begin XCBuildConfiguration section */
		003AD82D2B69FD42007B95C6 /* Debug */ = {
			isa = XCBuildConfiguration;
			buildSettings = {
				ALWAYS_SEARCH_USER_PATHS = NO;
				ASSETCATALOG_COMPILER_GENERATE_SWIFT_ASSET_SYMBOL_EXTENSIONS = YES;
				CLANG_ANALYZER_NONNULL = YES;
				CLANG_ANALYZER_NUMBER_OBJECT_CONVERSION = YES_AGGRESSIVE;
				CLANG_CXX_LANGUAGE_STANDARD = "gnu++20";
				CLANG_ENABLE_MODULES = YES;
				CLANG_ENABLE_OBJC_ARC = YES;
				CLANG_ENABLE_OBJC_WEAK = YES;
				CLANG_WARN_BLOCK_CAPTURE_AUTORELEASING = YES;
				CLANG_WARN_BOOL_CONVERSION = YES;
				CLANG_WARN_COMMA = YES;
				CLANG_WARN_CONSTANT_CONVERSION = YES;
				CLANG_WARN_DEPRECATED_OBJC_IMPLEMENTATIONS = YES;
				CLANG_WARN_DIRECT_OBJC_ISA_USAGE = YES_ERROR;
				CLANG_WARN_DOCUMENTATION_COMMENTS = YES;
				CLANG_WARN_EMPTY_BODY = YES;
				CLANG_WARN_ENUM_CONVERSION = YES;
				CLANG_WARN_INFINITE_RECURSION = YES;
				CLANG_WARN_INT_CONVERSION = YES;
				CLANG_WARN_NON_LITERAL_NULL_CONVERSION = YES;
				CLANG_WARN_OBJC_IMPLICIT_RETAIN_SELF = YES;
				CLANG_WARN_OBJC_LITERAL_CONVERSION = YES;
				CLANG_WARN_OBJC_ROOT_CLASS = YES_ERROR;
				CLANG_WARN_QUOTED_INCLUDE_IN_FRAMEWORK_HEADER = YES;
				CLANG_WARN_RANGE_LOOP_ANALYSIS = YES;
				CLANG_WARN_STRICT_PROTOTYPES = YES;
				CLANG_WARN_SUSPICIOUS_MOVE = YES;
				CLANG_WARN_UNGUARDED_AVAILABILITY = YES_AGGRESSIVE;
				CLANG_WARN_UNREACHABLE_CODE = YES;
				CLANG_WARN__DUPLICATE_METHOD_MATCH = YES;
				COPY_PHASE_STRIP = NO;
				DEBUG_INFORMATION_FORMAT = dwarf;
				ENABLE_STRICT_OBJC_MSGSEND = YES;
				ENABLE_TESTABILITY = YES;
				ENABLE_USER_SCRIPT_SANDBOXING = YES;
				GCC_C_LANGUAGE_STANDARD = gnu17;
				GCC_DYNAMIC_NO_PIC = NO;
				GCC_NO_COMMON_BLOCKS = YES;
				GCC_OPTIMIZATION_LEVEL = 0;
				GCC_PREPROCESSOR_DEFINITIONS = (
					"DEBUG=1",
					"$(inherited)",
				);
				GCC_WARN_64_TO_32_BIT_CONVERSION = YES;
				GCC_WARN_ABOUT_RETURN_TYPE = YES_ERROR;
				GCC_WARN_UNDECLARED_SELECTOR = YES;
				GCC_WARN_UNINITIALIZED_AUTOS = YES_AGGRESSIVE;
				GCC_WARN_UNUSED_FUNCTION = YES;
				GCC_WARN_UNUSED_VARIABLE = YES;
				IPHONEOS_DEPLOYMENT_TARGET = 17.2;
				LOCALIZATION_PREFERS_STRING_CATALOGS = YES;
				MTL_ENABLE_DEBUG_INFO = INCLUDE_SOURCE;
				MTL_FAST_MATH = YES;
				ONLY_ACTIVE_ARCH = YES;
				SDKROOT = iphoneos;
				SWIFT_ACTIVE_COMPILATION_CONDITIONS = "DEBUG $(inherited)";
				SWIFT_OPTIMIZATION_LEVEL = "-Onone";
			};
			name = Debug;
		};
		003AD82E2B69FD42007B95C6 /* Release */ = {
			isa = XCBuildConfiguration;
			buildSettings = {
				ALWAYS_SEARCH_USER_PATHS = NO;
				ASSETCATALOG_COMPILER_GENERATE_SWIFT_ASSET_SYMBOL_EXTENSIONS = YES;
				CLANG_ANALYZER_NONNULL = YES;
				CLANG_ANALYZER_NUMBER_OBJECT_CONVERSION = YES_AGGRESSIVE;
				CLANG_CXX_LANGUAGE_STANDARD = "gnu++20";
				CLANG_ENABLE_MODULES = YES;
				CLANG_ENABLE_OBJC_ARC = YES;
				CLANG_ENABLE_OBJC_WEAK = YES;
				CLANG_WARN_BLOCK_CAPTURE_AUTORELEASING = YES;
				CLANG_WARN_BOOL_CONVERSION = YES;
				CLANG_WARN_COMMA = YES;
				CLANG_WARN_CONSTANT_CONVERSION = YES;
				CLANG_WARN_DEPRECATED_OBJC_IMPLEMENTATIONS = YES;
				CLANG_WARN_DIRECT_OBJC_ISA_USAGE = YES_ERROR;
				CLANG_WARN_DOCUMENTATION_COMMENTS = YES;
				CLANG_WARN_EMPTY_BODY = YES;
				CLANG_WARN_ENUM_CONVERSION = YES;
				CLANG_WARN_INFINITE_RECURSION = YES;
				CLANG_WARN_INT_CONVERSION = YES;
				CLANG_WARN_NON_LITERAL_NULL_CONVERSION = YES;
				CLANG_WARN_OBJC_IMPLICIT_RETAIN_SELF = YES;
				CLANG_WARN_OBJC_LITERAL_CONVERSION = YES;
				CLANG_WARN_OBJC_ROOT_CLASS = YES_ERROR;
				CLANG_WARN_QUOTED_INCLUDE_IN_FRAMEWORK_HEADER = YES;
				CLANG_WARN_RANGE_LOOP_ANALYSIS = YES;
				CLANG_WARN_STRICT_PROTOTYPES = YES;
				CLANG_WARN_SUSPICIOUS_MOVE = YES;
				CLANG_WARN_UNGUARDED_AVAILABILITY = YES_AGGRESSIVE;
				CLANG_WARN_UNREACHABLE_CODE = YES;
				CLANG_WARN__DUPLICATE_METHOD_MATCH = YES;
				COPY_PHASE_STRIP = NO;
				DEBUG_INFORMATION_FORMAT = "dwarf-with-dsym";
				ENABLE_NS_ASSERTIONS = NO;
				ENABLE_STRICT_OBJC_MSGSEND = YES;
				ENABLE_USER_SCRIPT_SANDBOXING = YES;
				GCC_C_LANGUAGE_STANDARD = gnu17;
				GCC_NO_COMMON_BLOCKS = YES;
				GCC_WARN_64_TO_32_BIT_CONVERSION = YES;
				GCC_WARN_ABOUT_RETURN_TYPE = YES_ERROR;
				GCC_WARN_UNDECLARED_SELECTOR = YES;
				GCC_WARN_UNINITIALIZED_AUTOS = YES_AGGRESSIVE;
				GCC_WARN_UNUSED_FUNCTION = YES;
				GCC_WARN_UNUSED_VARIABLE = YES;
				IPHONEOS_DEPLOYMENT_TARGET = 17.2;
				LOCALIZATION_PREFERS_STRING_CATALOGS = YES;
				MTL_ENABLE_DEBUG_INFO = NO;
				MTL_FAST_MATH = YES;
				SDKROOT = iphoneos;
				SWIFT_COMPILATION_MODE = wholemodule;
				VALIDATE_PRODUCT = YES;
			};
			name = Release;
		};
		003AD8302B69FD42007B95C6 /* Debug */ = {
			isa = XCBuildConfiguration;
			buildSettings = {
				ASSETCATALOG_COMPILER_APPICON_NAME = AppIcon;
				ASSETCATALOG_COMPILER_GLOBAL_ACCENT_COLOR_NAME = AccentColor;
				CODE_SIGN_ENTITLEMENTS = betaSpin/betaSpin.entitlements;
				CODE_SIGN_STYLE = Automatic;
				CURRENT_PROJECT_VERSION = 1;
				DEVELOPMENT_ASSET_PATHS = "\"betaSpin/Preview Content\"";
				DEVELOPMENT_TEAM = 7VRSXPZ89P;
				ENABLE_PREVIEWS = YES;
				GENERATE_INFOPLIST_FILE = YES;
				INFOPLIST_KEY_UIApplicationSceneManifest_Generation = YES;
				INFOPLIST_KEY_UIApplicationSupportsIndirectInputEvents = YES;
				INFOPLIST_KEY_UILaunchScreen_Generation = YES;
				INFOPLIST_KEY_UISupportedInterfaceOrientations_iPad = "UIInterfaceOrientationPortrait UIInterfaceOrientationPortraitUpsideDown UIInterfaceOrientationLandscapeLeft UIInterfaceOrientationLandscapeRight";
				INFOPLIST_KEY_UISupportedInterfaceOrientations_iPhone = "UIInterfaceOrientationPortrait UIInterfaceOrientationLandscapeLeft UIInterfaceOrientationLandscapeRight";
				LD_RUNPATH_SEARCH_PATHS = (
					"$(inherited)",
					"@executable_path/Frameworks",
				);
				MARKETING_VERSION = 1.0;
				PRODUCT_BUNDLE_IDENTIFIER = com.johndanial.codeX.betaSpin;
				PRODUCT_NAME = "$(TARGET_NAME)";
				SWIFT_EMIT_LOC_STRINGS = YES;
				SWIFT_VERSION = 5.0;
				TARGETED_DEVICE_FAMILY = "1,2";
			};
			name = Debug;
		};
		003AD8312B69FD42007B95C6 /* Release */ = {
			isa = XCBuildConfiguration;
			buildSettings = {
				ASSETCATALOG_COMPILER_APPICON_NAME = AppIcon;
				ASSETCATALOG_COMPILER_GLOBAL_ACCENT_COLOR_NAME = AccentColor;
				CODE_SIGN_ENTITLEMENTS = betaSpin/betaSpin.entitlements;
				CODE_SIGN_STYLE = Automatic;
				CURRENT_PROJECT_VERSION = 1;
				DEVELOPMENT_ASSET_PATHS = "\"betaSpin/Preview Content\"";
				DEVELOPMENT_TEAM = 7VRSXPZ89P;
				ENABLE_PREVIEWS = YES;
				GENERATE_INFOPLIST_FILE = YES;
				INFOPLIST_KEY_UIApplicationSceneManifest_Generation = YES;
				INFOPLIST_KEY_UIApplicationSupportsIndirectInputEvents = YES;
				INFOPLIST_KEY_UILaunchScreen_Generation = YES;
				INFOPLIST_KEY_UISupportedInterfaceOrientations_iPad = "UIInterfaceOrientationPortrait UIInterfaceOrientationPortraitUpsideDown UIInterfaceOrientationLandscapeLeft UIInterfaceOrientationLandscapeRight";
				INFOPLIST_KEY_UISupportedInterfaceOrientations_iPhone = "UIInterfaceOrientationPortrait UIInterfaceOrientationLandscapeLeft UIInterfaceOrientationLandscapeRight";
				LD_RUNPATH_SEARCH_PATHS = (
					"$(inherited)",
					"@executable_path/Frameworks",
				);
				MARKETING_VERSION = 1.0;
				PRODUCT_BUNDLE_IDENTIFIER = com.johndanial.codeX.betaSpin;
				PRODUCT_NAME = "$(TARGET_NAME)";
				SWIFT_EMIT_LOC_STRINGS = YES;
				SWIFT_VERSION = 5.0;
				TARGETED_DEVICE_FAMILY = "1,2";
			};
			name = Release;
		};
		003AD8332B69FD42007B95C6 /* Debug */ = {
			isa = XCBuildConfiguration;
			buildSettings = {
				ALWAYS_EMBED_SWIFT_STANDARD_LIBRARIES = YES;
				BUNDLE_LOADER = "$(TEST_HOST)";
				CODE_SIGN_STYLE = Automatic;
				CURRENT_PROJECT_VERSION = 1;
				DEVELOPMENT_TEAM = 7VRSXPZ89P;
				GENERATE_INFOPLIST_FILE = YES;
				IPHONEOS_DEPLOYMENT_TARGET = 17.2;
				MARKETING_VERSION = 1.0;
				PRODUCT_BUNDLE_IDENTIFIER = com.johndanial.codeX.betaSpinTests;
				PRODUCT_NAME = "$(TARGET_NAME)";
				SWIFT_EMIT_LOC_STRINGS = NO;
				SWIFT_VERSION = 5.0;
				TARGETED_DEVICE_FAMILY = "1,2";
				TEST_HOST = "$(BUILT_PRODUCTS_DIR)/betaSpin.app/$(BUNDLE_EXECUTABLE_FOLDER_PATH)/betaSpin";
			};
			name = Debug;
		};
		003AD8342B69FD42007B95C6 /* Release */ = {
			isa = XCBuildConfiguration;
			buildSettings = {
				ALWAYS_EMBED_SWIFT_STANDARD_LIBRARIES = YES;
				BUNDLE_LOADER = "$(TEST_HOST)";
				CODE_SIGN_STYLE = Automatic;
				CURRENT_PROJECT_VERSION = 1;
				DEVELOPMENT_TEAM = 7VRSXPZ89P;
				GENERATE_INFOPLIST_FILE = YES;
				IPHONEOS_DEPLOYMENT_TARGET = 17.2;
				MARKETING_VERSION = 1.0;
				PRODUCT_BUNDLE_IDENTIFIER = com.johndanial.codeX.betaSpinTests;
				PRODUCT_NAME = "$(TARGET_NAME)";
				SWIFT_EMIT_LOC_STRINGS = NO;
				SWIFT_VERSION = 5.0;
				TARGETED_DEVICE_FAMILY = "1,2";
				TEST_HOST = "$(BUILT_PRODUCTS_DIR)/betaSpin.app/$(BUNDLE_EXECUTABLE_FOLDER_PATH)/betaSpin";
			};
			name = Release;
		};
		003AD8362B69FD42007B95C6 /* Debug */ = {
			isa = XCBuildConfiguration;
			buildSettings = {
				ALWAYS_EMBED_SWIFT_STANDARD_LIBRARIES = YES;
				CODE_SIGN_STYLE = Automatic;
				CURRENT_PROJECT_VERSION = 1;
				DEVELOPMENT_TEAM = 7VRSXPZ89P;
				GENERATE_INFOPLIST_FILE = YES;
				MARKETING_VERSION = 1.0;
				PRODUCT_BUNDLE_IDENTIFIER = com.johndanial.codeX.betaSpinUITests;
				PRODUCT_NAME = "$(TARGET_NAME)";
				SWIFT_EMIT_LOC_STRINGS = NO;
				SWIFT_VERSION = 5.0;
				TARGETED_DEVICE_FAMILY = "1,2";
				TEST_TARGET_NAME = betaSpin;
			};
			name = Debug;
		};
		003AD8372B69FD42007B95C6 /* Release */ = {
			isa = XCBuildConfiguration;
			buildSettings = {
				ALWAYS_EMBED_SWIFT_STANDARD_LIBRARIES = YES;
				CODE_SIGN_STYLE = Automatic;
				CURRENT_PROJECT_VERSION = 1;
				DEVELOPMENT_TEAM = 7VRSXPZ89P;
				GENERATE_INFOPLIST_FILE = YES;
				MARKETING_VERSION = 1.0;
				PRODUCT_BUNDLE_IDENTIFIER = com.johndanial.codeX.betaSpinUITests;
				PRODUCT_NAME = "$(TARGET_NAME)";
				SWIFT_EMIT_LOC_STRINGS = NO;
				SWIFT_VERSION = 5.0;
				TARGETED_DEVICE_FAMILY = "1,2";
				TEST_TARGET_NAME = betaSpin;
			};
			name = Release;
		};
/* End XCBuildConfiguration section */

/* Begin XCConfigurationList section */
		003AD8062B69FD41007B95C6 /* Build configuration list for PBXProject "betaSpin" */ = {
			isa = XCConfigurationList;
			buildConfigurations = (
				003AD82D2B69FD42007B95C6 /* Debug */,
				003AD82E2B69FD42007B95C6 /* Release */,
			);
			defaultConfigurationIsVisible = 0;
			defaultConfigurationName = Release;
		};
		003AD82F2B69FD42007B95C6 /* Build configuration list for PBXNativeTarget "betaSpin" */ = {
			isa = XCConfigurationList;
			buildConfigurations = (
				003AD8302B69FD42007B95C6 /* Debug */,
				003AD8312B69FD42007B95C6 /* Release */,
			);
			defaultConfigurationIsVisible = 0;
			defaultConfigurationName = Release;
		};
		003AD8322B69FD42007B95C6 /* Build configuration list for PBXNativeTarget "betaSpinTests" */ = {
			isa = XCConfigurationList;
			buildConfigurations = (
				003AD8332B69FD42007B95C6 /* Debug */,
				003AD8342B69FD42007B95C6 /* Release */,
			);
			defaultConfigurationIsVisible = 0;
			defaultConfigurationName = Release;
		};
		003AD8352B69FD42007B95C6 /* Build configuration list for PBXNativeTarget "betaSpinUITests" */ = {
			isa = XCConfigurationList;
			buildConfigurations = (
				003AD8362B69FD42007B95C6 /* Debug */,
				003AD8372B69FD42007B95C6 /* Release */,
			);
			defaultConfigurationIsVisible = 0;
			defaultConfigurationName = Release;
		};
/* End XCConfigurationList section */
	};
	rootObject = 003AD8032B69FD41007B95C6 /* Project object */;
}
